
Microsoft Visual Studio Solution File, Format Version 12.00
# Visual Studio Version 17
VisualStudioVersion = 17.5.33424.131
MinimumVisualStudioVersion = 10.0.40219.1
Project("{FAE04EC0-301F-11D3-BF4B-00C04F79EFBC}") = "ООО_СТОЛОВЫЕ_ПРИБОРЫ", "ООО_СТОЛОВЫЕ_ПРИБОРЫ\ООО_СТОЛОВЫЕ_ПРИБОРЫ.csproj", "{10F67982-9B0D-424A-A4CF-91910C07D72C}"
EndProject
Global
	GlobalSection(SolutionConfigurationPlatforms) = preSolution
		Debug|Any CPU = Debug|Any CPU
		Release|Any CPU = Release|Any CPU
	EndGlobalSection
	GlobalSection(ProjectConfigurationPlatforms) = postSolution
		{10F67982-9B0D-424A-A4CF-91910C07D72C}.Debug|Any CPU.ActiveCfg = Debug|Any CPU
		{10F67982-9B0D-424A-A4CF-91910C07D72C}.Debug|Any CPU.Build.0 = Debug|Any CPU
		{10F67982-9B0D-424A-A4CF-91910C07D72C}.Release|Any CPU.ActiveCfg = Release|Any CPU
		{10F67982-9B0D-424A-A4CF-91910C07D72C}.Release|Any CPU.Build.0 = Release|Any CPU
	EndGlobalSection
	GlobalSection(SolutionProperties) = preSolution
		HideSolutionNode = FALSE
	EndGlobalSection
	GlobalSection(ExtensibilityGlobals) = postSolution
		SolutionGuid = {4BCC29E5-5BA3-4D3C-B214-E07FB7FACC85}
	EndGlobalSection
EndGlobal
